PODS:
  - Flutter (1.0.0)
  - photo_picker (0.0.1):
    - Flutter
  - SDWebImage (4.4.6):
    - SDWebImage/Core (= 4.4.6)
  - SDWebImage/Core (4.4.6)
  - ZLPhotoBrowser (3.0.1):
    - SDWebImage (~> 4.4.6)

DEPENDENCIES:
  - Flutter (from `.symlinks/flutter/ios-release`)
  - photo_picker (from `.symlinks/plugins/photo_picker/ios`)
  - ZLPhotoBrowser

SPEC REPOS:
  https://github.com/cocoapods/specs.git:
    - SDWebImage
    - ZLPhotoBrowser

EXTERNAL SOURCES:
  Flutter:
    :path: ".symlinks/flutter/ios-release"
  photo_picker:
    :path: ".symlinks/plugins/photo_picker/ios"

SPEC CHECKSUMS:
  Flutter: 9d0fac939486c9aba2809b7982dfdbb47a7b0296
  photo_picker: f8da4c4099c519963c0e9fd67faf36dac5a32cc8
  SDWebImage: 3f3f0c02f09798048c47a5ed0a13f17b063572d8
  ZLPhotoBrowser: ea030d12699a9dd3c7f2a7808cafdccd3fdece7e

PODFILE CHECKSUM: 54b314e08b11bd0ee7be8ecc204142560d3a6bf3

COCOAPODS: 1.5.3
